
Microsoft Visual Studio Solution File, Format Version 12.00
# Visual Studio 15
VisualStudioVersion = 15.0.26228.4
MinimumVisualStudioVersion = 10.0.40219.1
Project("{FAE04EC0-301F-11D3-BF4B-00C04F79EFBC}") = "ServicesFormExtension", "SimpleFormExtension\ServicesFormExtension.csproj", "{518C83EF-EAF2-40F0-ADEC-845E6A2CDFFD}"
EndProject
Global
	GlobalSection(SolutionConfigurationPlatforms) = preSolution
		Debug|Any CPU = Debug|Any CPU
		Release|Any CPU = Release|Any CPU
	EndGlobalSection
	GlobalSection(ProjectConfigurationPlatforms) = postSolution
		{518C83EF-EAF2-40F0-ADEC-845E6A2CDFFD}.Debug|Any CPU.ActiveCfg = Debug|Any CPU
		{518C83EF-EAF2-40F0-ADEC-845E6A2CDFFD}.Debug|Any CPU.Build.0 = Debug|Any CPU
		{518C83EF-EAF2-40F0-ADEC-845E6A2CDFFD}.Release|Any CPU.ActiveCfg = Release|Any CPU
		{518C83EF-EAF2-40F0-ADEC-845E6A2CDFFD}.Release|Any CPU.Build.0 = Release|Any CPU
	EndGlobalSection
	GlobalSection(SolutionProperties) = preSolution
		HideSolutionNode = FALSE
	EndGlobalSection
EndGlobal
