
Microsoft Visual Studio Solution File, Format Version 12.00
# Visual Studio 15
VisualStudioVersion = 15.0.26228.4
MinimumVisualStudioVersion = 10.0.40219.1
Project("{FAE04EC0-301F-11D3-BF4B-00C04F79EFBC}") = "ExtensibilityAssistant", "ExtensibilityAssistant\ExtensibilityAssistant.csproj", "{69F04CA1-2E30-4E6C-B7AB-16E570F5565C}"
EndProject
Project("{FAE04EC0-301F-11D3-BF4B-00C04F79EFBC}") = "ExtensibilityAssistant.Sandbox", "ExtensibilityAssistant.Sandbox\ExtensibilityAssistant.Sandbox.csproj", "{41BB3207-2A0A-4899-B774-47793789FEC4}"
EndProject
Global
	GlobalSection(SolutionConfigurationPlatforms) = preSolution
		Debug|Any CPU = Debug|Any CPU
		Production|Any CPU = Production|Any CPU
		Release|Any CPU = Release|Any CPU
	EndGlobalSection
	GlobalSection(ProjectConfigurationPlatforms) = postSolution
		{69F04CA1-2E30-4E6C-B7AB-16E570F5565C}.Debug|Any CPU.ActiveCfg = Debug|Any CPU
		{69F04CA1-2E30-4E6C-B7AB-16E570F5565C}.Debug|Any CPU.Build.0 = Debug|Any CPU
		{69F04CA1-2E30-4E6C-B7AB-16E570F5565C}.Production|Any CPU.ActiveCfg = Production|Any CPU
		{69F04CA1-2E30-4E6C-B7AB-16E570F5565C}.Production|Any CPU.Build.0 = Production|Any CPU
		{69F04CA1-2E30-4E6C-B7AB-16E570F5565C}.Release|Any CPU.ActiveCfg = Release|Any CPU
		{69F04CA1-2E30-4E6C-B7AB-16E570F5565C}.Release|Any CPU.Build.0 = Release|Any CPU
		{41BB3207-2A0A-4899-B774-47793789FEC4}.Debug|Any CPU.ActiveCfg = Debug|Any CPU
		{41BB3207-2A0A-4899-B774-47793789FEC4}.Debug|Any CPU.Build.0 = Debug|Any CPU
		{41BB3207-2A0A-4899-B774-47793789FEC4}.Production|Any CPU.ActiveCfg = Production|Any CPU
		{41BB3207-2A0A-4899-B774-47793789FEC4}.Production|Any CPU.Build.0 = Production|Any CPU
		{41BB3207-2A0A-4899-B774-47793789FEC4}.Release|Any CPU.ActiveCfg = Release|Any CPU
		{41BB3207-2A0A-4899-B774-47793789FEC4}.Release|Any CPU.Build.0 = Release|Any CPU
	EndGlobalSection
	GlobalSection(SolutionProperties) = preSolution
		HideSolutionNode = FALSE
	EndGlobalSection
	GlobalSection(ExtensibilityGlobals) = postSolution
		SolutionGuid = {D0863CDD-02D0-42B1-A29C-C93AA742520E}
	EndGlobalSection
EndGlobal
