
Microsoft Visual Studio Solution File, Format Version 12.00
# Visual Studio 15
VisualStudioVersion = 15.0.26228.4
MinimumVisualStudioVersion = 10.0.40219.1
Project("{FAE04EC0-301F-11D3-BF4B-00C04F79EFBC}") = "LocalizationAssistant", "LocalizationAssistant\LocalizationAssistant.csproj", "{F6E6F0E0-FF6C-47B8-9675-1A21E44D41F7}"
EndProject
Project("{FAE04EC0-301F-11D3-BF4B-00C04F79EFBC}") = "LocalizationAssistant.Sandbox", "LocalizationAssistant.Sandbox\LocalizationAssistant.Sandbox.csproj", "{23EBCE12-438F-438E-9FBA-A5174327A94E}"
EndProject
Global
	GlobalSection(SolutionConfigurationPlatforms) = preSolution
		Debug|Any CPU = Debug|Any CPU
		Production|Any CPU = Production|Any CPU
		Release|Any CPU = Release|Any CPU
	EndGlobalSection
	GlobalSection(ProjectConfigurationPlatforms) = postSolution
		{F6E6F0E0-FF6C-47B8-9675-1A21E44D41F7}.Debug|Any CPU.ActiveCfg = Debug|Any CPU
		{F6E6F0E0-FF6C-47B8-9675-1A21E44D41F7}.Debug|Any CPU.Build.0 = Debug|Any CPU
		{F6E6F0E0-FF6C-47B8-9675-1A21E44D41F7}.Production|Any CPU.ActiveCfg = Production|Any CPU
		{F6E6F0E0-FF6C-47B8-9675-1A21E44D41F7}.Production|Any CPU.Build.0 = Production|Any CPU
		{F6E6F0E0-FF6C-47B8-9675-1A21E44D41F7}.Release|Any CPU.ActiveCfg = Release|Any CPU
		{F6E6F0E0-FF6C-47B8-9675-1A21E44D41F7}.Release|Any CPU.Build.0 = Release|Any CPU
		{23EBCE12-438F-438E-9FBA-A5174327A94E}.Debug|Any CPU.ActiveCfg = Debug|Any CPU
		{23EBCE12-438F-438E-9FBA-A5174327A94E}.Debug|Any CPU.Build.0 = Debug|Any CPU
		{23EBCE12-438F-438E-9FBA-A5174327A94E}.Production|Any CPU.ActiveCfg = Production|Any CPU
		{23EBCE12-438F-438E-9FBA-A5174327A94E}.Production|Any CPU.Build.0 = Production|Any CPU
		{23EBCE12-438F-438E-9FBA-A5174327A94E}.Release|Any CPU.ActiveCfg = Release|Any CPU
		{23EBCE12-438F-438E-9FBA-A5174327A94E}.Release|Any CPU.Build.0 = Release|Any CPU
	EndGlobalSection
	GlobalSection(SolutionProperties) = preSolution
		HideSolutionNode = FALSE
	EndGlobalSection
	GlobalSection(ExtensibilityGlobals) = postSolution
		SolutionGuid = {B50257FC-F9BE-4162-9050-C0D0833492BD}
	EndGlobalSection
EndGlobal
