
Microsoft Visual Studio Solution File, Format Version 12.00
# Visual Studio 15
VisualStudioVersion = 15.0.26228.4
MinimumVisualStudioVersion = 10.0.40219.1
Project("{FAE04EC0-301F-11D3-BF4B-00C04F79EFBC}") = "WMBusinessTools", "WMBusinessTools\WMBusinessTools.csproj", "{21BC68CA-FFBC-42BC-8547-E141434AF0E9}"
EndProject
Project("{2150E333-8FDC-42A3-9474-1A3956D46DE8}") = "Ext", "Ext", "{072D68F7-4F31-41F4-8486-12359118995A}"
EndProject
Project("{FAE04EC0-301F-11D3-BF4B-00C04F79EFBC}") = "LocalizationAssistant", "..\Ext\LocalizationAssistant\LocalizationAssistant.csproj", "{F6E6F0E0-FF6C-47B8-9675-1A21E44D41F7}"
EndProject
Project("{FAE04EC0-301F-11D3-BF4B-00C04F79EFBC}") = "ExtensibilityAssistant", "..\Ext\ExtensibilityAssistant\ExtensibilityAssistant.csproj", "{69F04CA1-2E30-4E6C-B7AB-16E570F5565C}"
EndProject
Project("{FAE04EC0-301F-11D3-BF4B-00C04F79EFBC}") = "WebMoney.Cryptography", "..\Ext\WebMoney.Cryptography\WebMoney.Cryptography.csproj", "{862A440D-B4C1-4F81-828A-7FAA781FD5C7}"
EndProject
Project("{FAE04EC0-301F-11D3-BF4B-00C04F79EFBC}") = "WebMoney.XmlInterfaces", "..\Ext\WebMoney.XmlInterfaces\WebMoney.XmlInterfaces.csproj", "{F810F3AD-9AC5-4A29-A25E-1F49DC5D621D}"
EndProject
Project("{FAE04EC0-301F-11D3-BF4B-00C04F79EFBC}") = "Xml2WinForms", "..\Ext\Xml2WinForms\Xml2WinForms.csproj", "{97458CD7-F0C1-465B-939D-83D175333729}"
EndProject
Project("{FAE04EC0-301F-11D3-BF4B-00C04F79EFBC}") = "WebMoney.Services.Contracts", "WebMoney.Services.Contracts\WebMoney.Services.Contracts.csproj", "{204EC8D5-9F26-4E6E-93CD-3A356D3003E8}"
EndProject
Project("{FAE04EC0-301F-11D3-BF4B-00C04F79EFBC}") = "WebMoney.Services", "WebMoney.Services\WebMoney.Services.csproj", "{0F597D1C-D6F8-4FA6-A582-48B36A0F8491}"
EndProject
Project("{FAE04EC0-301F-11D3-BF4B-00C04F79EFBC}") = "WMBusinessTools.Extensions.Contracts", "WMBusinessTools.Extensions.Contracts\WMBusinessTools.Extensions.Contracts.csproj", "{824026EA-0C6F-48F7-A204-9F083C6C80E5}"
EndProject
Project("{FAE04EC0-301F-11D3-BF4B-00C04F79EFBC}") = "WMBusinessTools.Extensions", "WMBusinessTools.Extensions\WMBusinessTools.Extensions.csproj", "{4AC68622-DD96-4821-B3CF-B1BC44FEC77C}"
EndProject
Project("{FAE04EC0-301F-11D3-BF4B-00C04F79EFBC}") = "SupportAssistant", "SupportAssistant\SupportAssistant.csproj", "{7B3B8ABD-C411-4E55-9FC0-33D8D4FA4F14}"
EndProject
Global
	GlobalSection(SolutionConfigurationPlatforms) = preSolution
		Debug|Any CPU = Debug|Any CPU
		Release|Any CPU = Release|Any CPU
	EndGlobalSection
	GlobalSection(ProjectConfigurationPlatforms) = postSolution
		{21BC68CA-FFBC-42BC-8547-E141434AF0E9}.Debug|Any CPU.ActiveCfg = Debug|Any CPU
		{21BC68CA-FFBC-42BC-8547-E141434AF0E9}.Debug|Any CPU.Build.0 = Debug|Any CPU
		{21BC68CA-FFBC-42BC-8547-E141434AF0E9}.Release|Any CPU.ActiveCfg = Release|Any CPU
		{21BC68CA-FFBC-42BC-8547-E141434AF0E9}.Release|Any CPU.Build.0 = Release|Any CPU
		{F6E6F0E0-FF6C-47B8-9675-1A21E44D41F7}.Debug|Any CPU.ActiveCfg = Debug|Any CPU
		{F6E6F0E0-FF6C-47B8-9675-1A21E44D41F7}.Debug|Any CPU.Build.0 = Debug|Any CPU
		{F6E6F0E0-FF6C-47B8-9675-1A21E44D41F7}.Release|Any CPU.ActiveCfg = Release|Any CPU
		{F6E6F0E0-FF6C-47B8-9675-1A21E44D41F7}.Release|Any CPU.Build.0 = Release|Any CPU
		{69F04CA1-2E30-4E6C-B7AB-16E570F5565C}.Debug|Any CPU.ActiveCfg = Debug|Any CPU
		{69F04CA1-2E30-4E6C-B7AB-16E570F5565C}.Debug|Any CPU.Build.0 = Debug|Any CPU
		{69F04CA1-2E30-4E6C-B7AB-16E570F5565C}.Release|Any CPU.ActiveCfg = Release|Any CPU
		{69F04CA1-2E30-4E6C-B7AB-16E570F5565C}.Release|Any CPU.Build.0 = Release|Any CPU
		{862A440D-B4C1-4F81-828A-7FAA781FD5C7}.Debug|Any CPU.ActiveCfg = Debug|Any CPU
		{862A440D-B4C1-4F81-828A-7FAA781FD5C7}.Debug|Any CPU.Build.0 = Debug|Any CPU
		{862A440D-B4C1-4F81-828A-7FAA781FD5C7}.Release|Any CPU.ActiveCfg = Release|Any CPU
		{862A440D-B4C1-4F81-828A-7FAA781FD5C7}.Release|Any CPU.Build.0 = Release|Any CPU
		{F810F3AD-9AC5-4A29-A25E-1F49DC5D621D}.Debug|Any CPU.ActiveCfg = Debug|Any CPU
		{F810F3AD-9AC5-4A29-A25E-1F49DC5D621D}.Debug|Any CPU.Build.0 = Debug|Any CPU
		{F810F3AD-9AC5-4A29-A25E-1F49DC5D621D}.Release|Any CPU.ActiveCfg = Release|Any CPU
		{F810F3AD-9AC5-4A29-A25E-1F49DC5D621D}.Release|Any CPU.Build.0 = Release|Any CPU
		{97458CD7-F0C1-465B-939D-83D175333729}.Debug|Any CPU.ActiveCfg = Debug|Any CPU
		{97458CD7-F0C1-465B-939D-83D175333729}.Debug|Any CPU.Build.0 = Debug|Any CPU
		{97458CD7-F0C1-465B-939D-83D175333729}.Release|Any CPU.ActiveCfg = Release|Any CPU
		{97458CD7-F0C1-465B-939D-83D175333729}.Release|Any CPU.Build.0 = Release|Any CPU
		{204EC8D5-9F26-4E6E-93CD-3A356D3003E8}.Debug|Any CPU.ActiveCfg = Debug|Any CPU
		{204EC8D5-9F26-4E6E-93CD-3A356D3003E8}.Debug|Any CPU.Build.0 = Debug|Any CPU
		{204EC8D5-9F26-4E6E-93CD-3A356D3003E8}.Release|Any CPU.ActiveCfg = Release|Any CPU
		{204EC8D5-9F26-4E6E-93CD-3A356D3003E8}.Release|Any CPU.Build.0 = Release|Any CPU
		{0F597D1C-D6F8-4FA6-A582-48B36A0F8491}.Debug|Any CPU.ActiveCfg = Debug|Any CPU
		{0F597D1C-D6F8-4FA6-A582-48B36A0F8491}.Debug|Any CPU.Build.0 = Debug|Any CPU
		{0F597D1C-D6F8-4FA6-A582-48B36A0F8491}.Release|Any CPU.ActiveCfg = Release|Any CPU
		{0F597D1C-D6F8-4FA6-A582-48B36A0F8491}.Release|Any CPU.Build.0 = Release|Any CPU
		{824026EA-0C6F-48F7-A204-9F083C6C80E5}.Debug|Any CPU.ActiveCfg = Debug|Any CPU
		{824026EA-0C6F-48F7-A204-9F083C6C80E5}.Debug|Any CPU.Build.0 = Debug|Any CPU
		{824026EA-0C6F-48F7-A204-9F083C6C80E5}.Release|Any CPU.ActiveCfg = Release|Any CPU
		{824026EA-0C6F-48F7-A204-9F083C6C80E5}.Release|Any CPU.Build.0 = Release|Any CPU
		{4AC68622-DD96-4821-B3CF-B1BC44FEC77C}.Debug|Any CPU.ActiveCfg = Debug|Any CPU
		{4AC68622-DD96-4821-B3CF-B1BC44FEC77C}.Debug|Any CPU.Build.0 = Debug|Any CPU
		{4AC68622-DD96-4821-B3CF-B1BC44FEC77C}.Release|Any CPU.ActiveCfg = Release|Any CPU
		{4AC68622-DD96-4821-B3CF-B1BC44FEC77C}.Release|Any CPU.Build.0 = Release|Any CPU
		{7B3B8ABD-C411-4E55-9FC0-33D8D4FA4F14}.Debug|Any CPU.ActiveCfg = Debug|Any CPU
		{7B3B8ABD-C411-4E55-9FC0-33D8D4FA4F14}.Debug|Any CPU.Build.0 = Debug|Any CPU
		{7B3B8ABD-C411-4E55-9FC0-33D8D4FA4F14}.Release|Any CPU.ActiveCfg = Release|Any CPU
		{7B3B8ABD-C411-4E55-9FC0-33D8D4FA4F14}.Release|Any CPU.Build.0 = Release|Any CPU
	EndGlobalSection
	GlobalSection(SolutionProperties) = preSolution
		HideSolutionNode = FALSE
	EndGlobalSection
	GlobalSection(NestedProjects) = preSolution
		{F6E6F0E0-FF6C-47B8-9675-1A21E44D41F7} = {072D68F7-4F31-41F4-8486-12359118995A}
		{69F04CA1-2E30-4E6C-B7AB-16E570F5565C} = {072D68F7-4F31-41F4-8486-12359118995A}
		{862A440D-B4C1-4F81-828A-7FAA781FD5C7} = {072D68F7-4F31-41F4-8486-12359118995A}
		{F810F3AD-9AC5-4A29-A25E-1F49DC5D621D} = {072D68F7-4F31-41F4-8486-12359118995A}
		{97458CD7-F0C1-465B-939D-83D175333729} = {072D68F7-4F31-41F4-8486-12359118995A}
	EndGlobalSection
EndGlobal
